<?xml version="1.0" encoding="utf-8"?>
<Project ToolsVersion="4.0" xmlns="http://schemas.microsoft.com/developer/msbuild/2003">
  <ItemGroup>
    <Filter Include="Panels">
      <UniqueIdentifier>{A80D95C9-94AF-BF9F-7D6A-D3F369AB46F0}</UniqueIdentifier>
    </Filter>
    <Filter Include="Panels\Viewport">
      <UniqueIdentifier>{D7D55DD9-4361-CB9D-4C72-4E92B87C279E}</UniqueIdentifier>
    </Filter>
  </ItemGroup>
  <ItemGroup>
    <ClInclude Include="src\EditorLayer.h" />
    <ClInclude Include="src\Editor_pch.h" />
    <ClInclude Include="src\Panels.h" />
    <ClInclude Include="src\Panels\EntityProperties.h">
      <Filter>Panels</Filter>
    </ClInclude>
    <ClInclude Include="src\Panels\Panel.h">
      <Filter>Panels</Filter>
    </ClInclude>
    <ClInclude Include="src\Panels\RendererStats.h">
      <Filter>Panels</Filter>
    </ClInclude>
    <ClInclude Include="src\Panels\SceneHierarchy.h">
      <Filter>Panels</Filter>
    </ClInclude>
  </ItemGroup>
  <ItemGroup>
    <ClCompile Include="src\EditorLayer.cpp" />
    <ClCompile Include="src\Editor_pch.cpp" />
    <ClCompile Include="src\Panels\EditorLayerFuncs\Dockspace.cpp">
      <Filter>Panels</Filter>
    </ClCompile>
    <ClCompile Include="src\Panels\EntityProperties.cpp">
      <Filter>Panels</Filter>
    </ClCompile>
    <ClCompile Include="src\Panels\Panel.cpp">
      <Filter>Panels</Filter>
    </ClCompile>
    <ClCompile Include="src\Panels\RendererStats.cpp">
      <Filter>Panels</Filter>
    </ClCompile>
    <ClCompile Include="src\Panels\SceneHierarchy.cpp">
      <Filter>Panels</Filter>
    </ClCompile>
    <ClCompile Include="src\main.cpp" />
    <ClCompile Include="src\Panels\EditorLayerFuncs\Guizmo.cpp" />
    <ClCompile Include="src\Panels\EditorLayerFuncs\Viewport.cpp" />
    <ClCompile Include="src\Panels\EditorLayerFuncs\Actions.cpp" />
  </ItemGroup>
</Project>