<?xml version="1.0" encoding="utf-8"?>
<Project ToolsVersion="4.0" xmlns="http://schemas.microsoft.com/developer/msbuild/2003">
  <ItemGroup>
    <Filter Include="Core">
      <UniqueIdentifier>{2EB4837C-1AEB-840D-C3D7-6A10AFED000F}</UniqueIdentifier>
    </Filter>
    <Filter Include="World">
      <UniqueIdentifier>{4D25640E-B939-8CBF-82BB-2F1FEE8E88F0}</UniqueIdentifier>
    </Filter>
  </ItemGroup>
  <ItemGroup>
    <ClInclude Include="src\EditorLayer.h">
      <Filter>Core</Filter>
    </ClInclude>
    <ClInclude Include="src\Panels\DockSpace.h" />
    <ClInclude Include="src\Panels\Panel.h" />
    <ClInclude Include="src\Panels\RendererStats.h" />
    <ClInclude Include="src\Panels\Viewport.h" />
  </ItemGroup>
  <ItemGroup>
    <ClCompile Include="src\EditorLayer.cpp">
      <Filter>Core</Filter>
    </ClCompile>
    <ClCompile Include="src\main.cpp">
      <Filter>Core</Filter>
    </ClCompile>
    <ClCompile Include="src\Panels\DockSpace.cpp" />
    <ClCompile Include="src\Panels\Panel.cpp" />
    <ClCompile Include="src\Panels\RendererStats.cpp" />
    <ClCompile Include="src\Panels\Viewport.cpp" />
  </ItemGroup>
</Project>